// !$*UTF8*$!
{
	archiveVersion = 1;
	classes = {
	};
	objectVersion = 50;
	objects = {

/* Begin PBXBuildFile section */
		75DE96E8265CD77900B61490 /* AppDelegate.swift in Sources */ = {isa = PBXBuildFile; fileRef = 75DE96E7265CD77900B61490 /* AppDelegate.swift */; };
		75DE96EA265CD77900B61490 /* SceneDelegate.swift in Sources */ = {isa = PBXBuildFile; fileRef = 75DE96E9265CD77900B61490 /* SceneDelegate.swift */; };
		75DE96EC265CD77900B61490 /* ViewController.swift in Sources */ = {isa = PBXBuildFile; fileRef = 75DE96EB265CD77900B61490 /* ViewController.swift */; };
		75DE96EF265CD77900B61490 /* Main.storyboard in Resources */ = {isa = PBXBuildFile; fileRef = 75DE96ED265CD77900B61490 /* Main.storyboard */; };
		75DE96F1265CD77D00B61490 /* Assets.xcassets in Resources */ = {isa = PBXBuildFile; fileRef = 75DE96F0265CD77D00B61490 /* Assets.xcassets */; };
		75DE96F4265CD77D00B61490 /* LaunchScreen.storyboard in Resources */ = {isa = PBXBuildFile; fileRef = 75DE96F2265CD77D00B61490 /* LaunchScreen.storyboard */; };
		75DE96FC265CDB8200B61490 /* DataStructure.swift in Sources */ = {isa = PBXBuildFile; fileRef = 75DE96FB265CDB8200B61490 /* DataStructure.swift */; };
/* End PBXBuildFile section */

/* Begin PBXFileReference section */
		75DE96E4265CD77900B61490 /* 数据结构(交大).app */ = {isa = PBXFileReference; explicitFileType = wrapper.application; includeInIndex = 0; path = "数据结构(交大).app"; sourceTree = BUILT_PRODUCTS_DIR; };
		75DE96E7265CD77900B61490 /* AppDelegate.swift */ = {isa = PBXFileReference; lastKnownFileType = sourcecode.swift; path = AppDelegate.swift; sourceTree = "<group>"; };
		75DE96E9265CD77900B61490 /* SceneDelegate.swift */ = {isa = PBXFileReference; lastKnownFileType = sourcecode.swift; path = SceneDelegate.swift; sourceTree = "<group>"; };
		75DE96EB265CD77900B61490 /* ViewController.swift */ = {isa = PBXFileReference; lastKnownFileType = sourcecode.swift; path = ViewController.swift; sourceTree = "<group>"; };
		75DE96EE265CD77900B61490 /* Base */ = {isa = PBXFileReference; lastKnownFileType = file.storyboard; name = Base; path = Base.lproj/Main.storyboard; sourceTree = "<group>"; };
		75DE96F0265CD77D00B61490 /* Assets.xcassets */ = {isa = PBXFileReference; lastKnownFileType = folder.assetcatalog; path = Assets.xcassets; sourceTree = "<group>"; };
		75DE96F3265CD77D00B61490 /* Base */ = {isa = PBXFileReference; lastKnownFileType = file.storyboard; name = Base; path = Base.lproj/LaunchScreen.storyboard; sourceTree = "<group>"; };
		75DE96F5265CD77D00B61490 /* Info.plist */ = {isa = PBXFileReference; lastKnownFileType = text.plist.xml; path = Info.plist; sourceTree = "<group>"; };
		75DE96FB265CDB8200B61490 /* DataStructure.swift */ = {isa = PBXFileReference; lastKnownFileType = sourcecode.swift; path = DataStructure.swift; sourceTree = "<group>"; };
		75DE96FD265CDFFA00B61490 /* Theory.h */ = {isa = PBXFileReference; lastKnownFileType = sourcecode.c.h; path = Theory.h; sourceTree = "<group>"; };
/* End PBXFileReference section */

/* Begin PBXFrameworksBuildPhase section */
		75DE96E1265CD77900B61490 /* Frameworks */ = {
			isa = PBXFrameworksBuildPhase;
			buildActionMask = 2147483647;
			files = (
			);
			runOnlyForDeploymentPostprocessing = 0;
		};
/* End PBXFrameworksBuildPhase section */

/* Begin PBXGroup section */
		75DE96DB265CD77900B61490 = {
			isa = PBXGroup;
			children = (
				75DE96E6265CD77900B61490 /* 数据结构(交大) */,
				75DE96E5265CD77900B61490 /* Products */,
			);
			sourceTree = "<group>";
		};
		75DE96E5265CD77900B61490 /* Products */ = {
			isa = PBXGroup;
			children = (
				75DE96E4265CD77900B61490 /* 数据结构(交大).app */,
			);
			name = Products;
			sourceTree = "<group>";
		};
		75DE96E6265CD77900B61490 /* 数据结构(交大) */ = {
			isa = PBXGroup;
			children = (
				75DE96E7265CD77900B61490 /* AppDelegate.swift */,
				75DE96E9265CD77900B61490 /* SceneDelegate.swift */,
				75DE96EB265CD77900B61490 /* ViewController.swift */,
				75DE96FB265CDB8200B61490 /* DataStructure.swift */,
				75DE96FD265CDFFA00B61490 /* Theory.h */,
				75DE96ED265CD77900B61490 /* Main.storyboard */,
				75DE96F0265CD77D00B61490 /* Assets.xcassets */,
				75DE96F2265CD77D00B61490 /* LaunchScreen.storyboard */,
				75DE96F5265CD77D00B61490 /* Info.plist */,
			);
			path = "数据结构(交大)";
			sourceTree = "<group>";
		};
/* End PBXGroup section */

/* Begin PBXNativeTarget section */
		75DE96E3265CD77900B61490 /* 数据结构(交大) */ = {
			isa = PBXNativeTarget;
			buildConfigurationList = 75DE96F8265CD77D00B61490 /* Build configuration list for PBXNativeTarget "数据结构(交大)" */;
			buildPhases = (
				75DE96E0265CD77900B61490 /* Sources */,
				75DE96E1265CD77900B61490 /* Frameworks */,
				75DE96E2265CD77900B61490 /* Resources */,
			);
			buildRules = (
			);
			dependencies = (
			);
			name = "数据结构(交大)";
			productName = "数据结构(交大)";
			productReference = 75DE96E4265CD77900B61490 /* 数据结构(交大).app */;
			productType = "com.apple.product-type.application";
		};
/* End PBXNativeTarget section */

/* Begin PBXProject section */
		75DE96DC265CD77900B61490 /* Project object */ = {
			isa = PBXProject;
			attributes = {
				LastSwiftUpdateCheck = 1250;
				LastUpgradeCheck = 1250;
				TargetAttributes = {
					75DE96E3265CD77900B61490 = {
						CreatedOnToolsVersion = 12.5;
					};
				};
			};
			buildConfigurationList = 75DE96DF265CD77900B61490 /* Build configuration list for PBXProject "数据结构(交大)" */;
			compatibilityVersion = "Xcode 9.3";
			developmentRegion = en;
			hasScannedForEncodings = 0;
			knownRegions = (
				en,
				Base,
			);
			mainGroup = 75DE96DB265CD77900B61490;
			productRefGroup = 75DE96E5265CD77900B61490 /* Products */;
			projectDirPath = "";
			projectRoot = "";
			targets = (
				75DE96E3265CD77900B61490 /* 数据结构(交大) */,
			);
		};
/* End PBXProject section */

/* Begin PBXResourcesBuildPhase section */
		75DE96E2265CD77900B61490 /* Resources */ = {
			isa = PBXResourcesBuildPhase;
			buildActionMask = 2147483647;
			files = (
				75DE96F4265CD77D00B61490 /* LaunchScreen.storyboard in Resources */,
				75DE96F1265CD77D00B61490 /* Assets.xcassets in Resources */,
				75DE96EF265CD77900B61490 /* Main.storyboard in Resources */,
			);
			runOnlyForDeploymentPostprocessing = 0;
		};
/* End PBXResourcesBuildPhase section */

/* Begin PBXSourcesBuildPhase section */
		75DE96E0265CD77900B61490 /* Sources */ = {
			isa = PBXSourcesBuildPhase;
			buildActionMask = 2147483647;
			files = (
				75DE96EC265CD77900B61490 /* ViewController.swift in Sources */,
				75DE96FC265CDB8200B61490 /* DataStructure.swift in Sources */,
				75DE96E8265CD77900B61490 /* AppDelegate.swift in Sources */,
				75DE96EA265CD77900B61490 /* SceneDelegate.swift in Sources */,
			);
			runOnlyForDeploymentPostprocessing = 0;
		};
/* End PBXSourcesBuildPhase section */

/* Begin PBXVariantGroup section */
		75DE96ED265CD77900B61490 /* Main.storyboard */ = {
			isa = PBXVariantGroup;
			children = (
				75DE96EE265CD77900B61490 /* Base */,
			);
			name = Main.storyboard;
			sourceTree = "<group>";
		};
		75DE96F2265CD77D00B61490 /* LaunchScreen.storyboard */ = {
			isa = PBXVariantGroup;
			children = (
				75DE96F3265CD77D00B61490 /* Base */,
			);
			name = LaunchScreen.storyboard;
			sourceTree = "<group>";
		};
/* End PBXVariantGroup section */

/* Begin XCBuildConfiguration section */
		75DE96F6265CD77D00B61490 /* Debug */ = {
			isa = XCBuildConfiguration;
			buildSettings = {
				ALWAYS_SEARCH_USER_PATHS = NO;
				CLANG_ANALYZER_NONNULL = YES;
				CLANG_ANALYZER_NUMBER_OBJECT_CONVERSION = YES_AGGRESSIVE;
				CLANG_CXX_LANGUAGE_STANDARD = "gnu++14";
				CLANG_CXX_LIBRARY = "libc++";
				CLANG_ENABLE_MODULES = YES;
				CLANG_ENABLE_OBJC_ARC = YES;
				CLANG_ENABLE_OBJC_WEAK = YES;
				CLANG_WARN_BLOCK_CAPTURE_AUTORELEASING = YES;
				CLANG_WARN_BOOL_CONVERSION = YES;
				CLANG_WARN_COMMA = YES;
				CLANG_WARN_CONSTANT_CONVERSION = YES;
				CLANG_WARN_DEPRECATED_OBJC_IMPLEMENTATIONS = YES;
				CLANG_WARN_DIRECT_OBJC_ISA_USAGE = YES_ERROR;
				CLANG_WARN_DOCUMENTATION_COMMENTS = YES;
				CLANG_WARN_EMPTY_BODY = YES;
				CLANG_WARN_ENUM_CONVERSION = YES;
				CLANG_WARN_INFINITE_RECURSION = YES;
				CLANG_WARN_INT_CONVERSION = YES;
				CLANG_WARN_NON_LITERAL_NULL_CONVERSION = YES;
				CLANG_WARN_OBJC_IMPLICIT_RETAIN_SELF = YES;
				CLANG_WARN_OBJC_LITERAL_CONVERSION = YES;
				CLANG_WARN_OBJC_ROOT_CLASS = YES_ERROR;
				CLANG_WARN_QUOTED_INCLUDE_IN_FRAMEWORK_HEADER = YES;
				CLANG_WARN_RANGE_LOOP_ANALYSIS = YES;
				CLANG_WARN_STRICT_PROTOTYPES = YES;
				CLANG_WARN_SUSPICIOUS_MOVE = YES;
				CLANG_WARN_UNGUARDED_AVAILABILITY = YES_AGGRESSIVE;
				CLANG_WARN_UNREACHABLE_CODE = YES;
				CLANG_WARN__DUPLICATE_METHOD_MATCH = YES;
				COPY_PHASE_STRIP = NO;
				DEBUG_INFORMATION_FORMAT = dwarf;
				ENABLE_STRICT_OBJC_MSGSEND = YES;
				ENABLE_TESTABILITY = YES;
				GCC_C_LANGUAGE_STANDARD = gnu11;
				GCC_DYNAMIC_NO_PIC = NO;
				GCC_NO_COMMON_BLOCKS = YES;
				GCC_OPTIMIZATION_LEVEL = 0;
				GCC_PREPROCESSOR_DEFINITIONS = (
					"DEBUG=1",
					"$(inherited)",
				);
				GCC_WARN_64_TO_32_BIT_CONVERSION = YES;
				GCC_WARN_ABOUT_RETURN_TYPE = YES_ERROR;
				GCC_WARN_UNDECLARED_SELECTOR = YES;
				GCC_WARN_UNINITIALIZED_AUTOS = YES_AGGRESSIVE;
				GCC_WARN_UNUSED_FUNCTION = YES;
				GCC_WARN_UNUSED_VARIABLE = YES;
				IPHONEOS_DEPLOYMENT_TARGET = 14.5;
				MTL_ENABLE_DEBUG_INFO = INCLUDE_SOURCE;
				MTL_FAST_MATH = YES;
				ONLY_ACTIVE_ARCH = YES;
				SDKROOT = iphoneos;
				SWIFT_ACTIVE_COMPILATION_CONDITIONS = DEBUG;
				SWIFT_OPTIMIZATION_LEVEL = "-Onone";
			};
			name = Debug;
		};
		75DE96F7265CD77D00B61490 /* Release */ = {
			isa = XCBuildConfiguration;
			buildSettings = {
				ALWAYS_SEARCH_USER_PATHS = NO;
				CLANG_ANALYZER_NONNULL = YES;
				CLANG_ANALYZER_NUMBER_OBJECT_CONVERSION = YES_AGGRESSIVE;
				CLANG_CXX_LANGUAGE_STANDARD = "gnu++14";
				CLANG_CXX_LIBRARY = "libc++";
				CLANG_ENABLE_MODULES = YES;
				CLANG_ENABLE_OBJC_ARC = YES;
				CLANG_ENABLE_OBJC_WEAK = YES;
				CLANG_WARN_BLOCK_CAPTURE_AUTORELEASING = YES;
				CLANG_WARN_BOOL_CONVERSION = YES;
				CLANG_WARN_COMMA = YES;
				CLANG_WARN_CONSTANT_CONVERSION = YES;
				CLANG_WARN_DEPRECATED_OBJC_IMPLEMENTATIONS = YES;
				CLANG_WARN_DIRECT_OBJC_ISA_USAGE = YES_ERROR;
				CLANG_WARN_DOCUMENTATION_COMMENTS = YES;
				CLANG_WARN_EMPTY_BODY = YES;
				CLANG_WARN_ENUM_CONVERSION = YES;
				CLANG_WARN_INFINITE_RECURSION = YES;
				CLANG_WARN_INT_CONVERSION = YES;
				CLANG_WARN_NON_LITERAL_NULL_CONVERSION = YES;
				CLANG_WARN_OBJC_IMPLICIT_RETAIN_SELF = YES;
				CLANG_WARN_OBJC_LITERAL_CONVERSION = YES;
				CLANG_WARN_OBJC_ROOT_CLASS = YES_ERROR;
				CLANG_WARN_QUOTED_INCLUDE_IN_FRAMEWORK_HEADER = YES;
				CLANG_WARN_RANGE_LOOP_ANALYSIS = YES;
				CLANG_WARN_STRICT_PROTOTYPES = YES;
				CLANG_WARN_SUSPICIOUS_MOVE = YES;
				CLANG_WARN_UNGUARDED_AVAILABILITY = YES_AGGRESSIVE;
				CLANG_WARN_UNREACHABLE_CODE = YES;
				CLANG_WARN__DUPLICATE_METHOD_MATCH = YES;
				COPY_PHASE_STRIP = NO;
				DEBUG_INFORMATION_FORMAT = "dwarf-with-dsym";
				ENABLE_NS_ASSERTIONS = NO;
				ENABLE_STRICT_OBJC_MSGSEND = YES;
				GCC_C_LANGUAGE_STANDARD = gnu11;
				GCC_NO_COMMON_BLOCKS = YES;
				GCC_WARN_64_TO_32_BIT_CONVERSION = YES;
				GCC_WARN_ABOUT_RETURN_TYPE = YES_ERROR;
				GCC_WARN_UNDECLARED_SELECTOR = YES;
				GCC_WARN_UNINITIALIZED_AUTOS = YES_AGGRESSIVE;
				GCC_WARN_UNUSED_FUNCTION = YES;
				GCC_WARN_UNUSED_VARIABLE = YES;
				IPHONEOS_DEPLOYMENT_TARGET = 14.5;
				MTL_ENABLE_DEBUG_INFO = NO;
				MTL_FAST_MATH = YES;
				SDKROOT = iphoneos;
				SWIFT_COMPILATION_MODE = wholemodule;
				SWIFT_OPTIMIZATION_LEVEL = "-O";
				VALIDATE_PRODUCT = YES;
			};
			name = Release;
		};
		75DE96F9265CD77D00B61490 /* Debug */ = {
			isa = XCBuildConfiguration;
			buildSettings = {
				ASSETCATALOG_COMPILER_APPICON_NAME = AppIcon;
				ASSETCATALOG_COMPILER_GLOBAL_ACCENT_COLOR_NAME = AccentColor;
				CODE_SIGN_STYLE = Automatic;
				DEVELOPMENT_TEAM = CKBKB7T5NP;
				INFOPLIST_FILE = "数据结构(交大)/Info.plist";
				LD_RUNPATH_SEARCH_PATHS = (
					"$(inherited)",
					"@executable_path/Frameworks",
				);
				PRODUCT_BUNDLE_IDENTIFIER = "com.QTH.--------";
				PRODUCT_NAME = "$(TARGET_NAME)";
				SWIFT_VERSION = 5.0;
				TARGETED_DEVICE_FAMILY = "1,2";
			};
			name = Debug;
		};
		75DE96FA265CD77D00B61490 /* Release */ = {
			isa = XCBuildConfiguration;
			buildSettings = {
				ASSETCATALOG_COMPILER_APPICON_NAME = AppIcon;
				ASSETCATALOG_COMPILER_GLOBAL_ACCENT_COLOR_NAME = AccentColor;
				CODE_SIGN_STYLE = Automatic;
				DEVELOPMENT_TEAM = CKBKB7T5NP;
				INFOPLIST_FILE = "数据结构(交大)/Info.plist";
				LD_RUNPATH_SEARCH_PATHS = (
					"$(inherited)",
					"@executable_path/Frameworks",
				);
				PRODUCT_BUNDLE_IDENTIFIER = "com.QTH.--------";
				PRODUCT_NAME = "$(TARGET_NAME)";
				SWIFT_VERSION = 5.0;
				TARGETED_DEVICE_FAMILY = "1,2";
			};
			name = Release;
		};
/* End XCBuildConfiguration section */

/* Begin XCConfigurationList section */
		75DE96DF265CD77900B61490 /* Build configuration list for PBXProject "数据结构(交大)" */ = {
			isa = XCConfigurationList;
			buildConfigurations = (
				75DE96F6265CD77D00B61490 /* Debug */,
				75DE96F7265CD77D00B61490 /* Release */,
			);
			defaultConfigurationIsVisible = 0;
			defaultConfigurationName = Release;
		};
		75DE96F8265CD77D00B61490 /* Build configuration list for PBXNativeTarget "数据结构(交大)" */ = {
			isa = XCConfigurationList;
			buildConfigurations = (
				75DE96F9265CD77D00B61490 /* Debug */,
				75DE96FA265CD77D00B61490 /* Release */,
			);
			defaultConfigurationIsVisible = 0;
			defaultConfigurationName = Release;
		};
/* End XCConfigurationList section */
	};
	rootObject = 75DE96DC265CD77900B61490 /* Project object */;
}
